
Microsoft Visual Studio Solution File, Format Version 12.00
# Visual Studio Version 17
VisualStudioVersion = 17.0.32014.148
MinimumVisualStudioVersion = 10.0.40219.1
Project("{FAE04EC0-301F-11D3-BF4B-00C04F79EFBC}") = "Destiny2 Vow of the Disciple", "Destiny2 Vow of the Disciple\Destiny2 Vow of the Disciple.csproj", "{A76F30AA-967A-43DE-A2A1-F76712704F99}"
EndProject
Global
	GlobalSection(SolutionConfigurationPlatforms) = preSolution
		Debug|Any CPU = Debug|Any CPU
		Release|Any CPU = Release|Any CPU
	EndGlobalSection
	GlobalSection(ProjectConfigurationPlatforms) = postSolution
		{A76F30AA-967A-43DE-A2A1-F76712704F99}.Debug|Any CPU.ActiveCfg = Debug|Any CPU
		{A76F30AA-967A-43DE-A2A1-F76712704F99}.Debug|Any CPU.Build.0 = Debug|Any CPU
		{A76F30AA-967A-43DE-A2A1-F76712704F99}.Release|Any CPU.ActiveCfg = Release|Any CPU
		{A76F30AA-967A-43DE-A2A1-F76712704F99}.Release|Any CPU.Build.0 = Release|Any CPU
	EndGlobalSection
	GlobalSection(SolutionProperties) = preSolution
		HideSolutionNode = FALSE
	EndGlobalSection
	GlobalSection(ExtensibilityGlobals) = postSolution
		SolutionGuid = {2FEDF049-E208-41A8-98D5-22CB1A79F7E7}
	EndGlobalSection
EndGlobal
